// !$*UTF8*$!
{
	archiveVersion = 1;
	classes = {
	};
	objectVersion = 56;
	objects = {

/* Begin PBXBuildFile section */
		C1C62BFD2BBB883700B6A423 /* AppDelegate.swift in Sources */ = {isa = PBXBuildFile; fileRef = C1C62BFC2BBB883700B6A423 /* AppDelegate.swift */; };
		C1C62BFF2BBB883700B6A423 /* SceneDelegate.swift in Sources */ = {isa = PBXBuildFile; fileRef = C1C62BFE2BBB883700B6A423 /* SceneDelegate.swift */; };
		C1C62C012BBB883700B6A423 /* ViewController.swift in Sources */ = {isa = PBXBuildFile; fileRef = C1C62C002BBB883700B6A423 /* ViewController.swift */; };
		C1C62C042BBB883700B6A423 /* Main.storyboard in Resources */ = {isa = PBXBuildFile; fileRef = C1C62C022BBB883700B6A423 /* Main.storyboard */; };
		C1C62C062BBB883800B6A423 /* Assets.xcassets in Resources */ = {isa = PBXBuildFile; fileRef = C1C62C052BBB883800B6A423 /* Assets.xcassets */; };
		C1C62C092BBB883800B6A423 /* LaunchScreen.storyboard in Resources */ = {isa = PBXBuildFile; fileRef = C1C62C072BBB883800B6A423 /* LaunchScreen.storyboard */; };
		C1C62C112BBC9B4E00B6A423 /* DetailViewController.swift in Sources */ = {isa = PBXBuildFile; fileRef = C1C62C102BBC9B4E00B6A423 /* DetailViewController.swift */; };
		C1EFEAEC2BCDE08B0076F970 /* images.png in Resources */ = {isa = PBXBuildFile; fileRef = C1EFEAEA2BCDE08B0076F970 /* images.png */; };
		C1EFEAED2BCDE08B0076F970 /* images.jpeg in Resources */ = {isa = PBXBuildFile; fileRef = C1EFEAEB2BCDE08B0076F970 /* images.jpeg */; };
/* End PBXBuildFile section */

/* Begin PBXFileReference section */
		C1C62BF92BBB883700B6A423 /* StormViewer1.app */ = {isa = PBXFileReference; explicitFileType = wrapper.application; includeInIndex = 0; path = StormViewer1.app; sourceTree = BUILT_PRODUCTS_DIR; };
		C1C62BFC2BBB883700B6A423 /* AppDelegate.swift */ = {isa = PBXFileReference; lastKnownFileType = sourcecode.swift; path = AppDelegate.swift; sourceTree = "<group>"; };
		C1C62BFE2BBB883700B6A423 /* SceneDelegate.swift */ = {isa = PBXFileReference; lastKnownFileType = sourcecode.swift; path = SceneDelegate.swift; sourceTree = "<group>"; };
		C1C62C002BBB883700B6A423 /* ViewController.swift */ = {isa = PBXFileReference; lastKnownFileType = sourcecode.swift; path = ViewController.swift; sourceTree = "<group>"; };
		C1C62C032BBB883700B6A423 /* Base */ = {isa = PBXFileReference; lastKnownFileType = file.storyboard; name = Base; path = Base.lproj/Main.storyboard; sourceTree = "<group>"; };
		C1C62C052BBB883800B6A423 /* Assets.xcassets */ = {isa = PBXFileReference; lastKnownFileType = folder.assetcatalog; path = Assets.xcassets; sourceTree = "<group>"; };
		C1C62C082BBB883800B6A423 /* Base */ = {isa = PBXFileReference; lastKnownFileType = file.storyboard; name = Base; path = Base.lproj/LaunchScreen.storyboard; sourceTree = "<group>"; };
		C1C62C0A2BBB883800B6A423 /* Info.plist */ = {isa = PBXFileReference; lastKnownFileType = text.plist.xml; path = Info.plist; sourceTree = "<group>"; };
		C1C62C102BBC9B4E00B6A423 /* DetailViewController.swift */ = {isa = PBXFileReference; lastKnownFileType = sourcecode.swift; path = DetailViewController.swift; sourceTree = "<group>"; };
		C1EFEAEA2BCDE08B0076F970 /* images.png */ = {isa = PBXFileReference; lastKnownFileType = image.png; path = images.png; sourceTree = "<group>"; };
		C1EFEAEB2BCDE08B0076F970 /* images.jpeg */ = {isa = PBXFileReference; lastKnownFileType = image.jpeg; path = images.jpeg; sourceTree = "<group>"; };
/* End PBXFileReference section */

/* Begin PBXFrameworksBuildPhase section */
		C1C62BF62BBB883700B6A423 /* Frameworks */ = {
			isa = PBXFrameworksBuildPhase;
			buildActionMask = 2147483647;
			files = (
			);
			runOnlyForDeploymentPostprocessing = 0;
		};
/* End PBXFrameworksBuildPhase section */

/* Begin PBXGroup section */
		C1C62BF02BBB883700B6A423 = {
			isa = PBXGroup;
			children = (
				C1EFEAEB2BCDE08B0076F970 /* images.jpeg */,
				C1EFEAEA2BCDE08B0076F970 /* images.png */,
				C1C62BFB2BBB883700B6A423 /* StormViewer1 */,
				C1C62BFA2BBB883700B6A423 /* Products */,
			);
			sourceTree = "<group>";
		};
		C1C62BFA2BBB883700B6A423 /* Products */ = {
			isa = PBXGroup;
			children = (
				C1C62BF92BBB883700B6A423 /* StormViewer1.app */,
			);
			name = Products;
			sourceTree = "<group>";
		};
		C1C62BFB2BBB883700B6A423 /* StormViewer1 */ = {
			isa = PBXGroup;
			children = (
				C1C62BFC2BBB883700B6A423 /* AppDelegate.swift */,
				C1C62BFE2BBB883700B6A423 /* SceneDelegate.swift */,
				C1C62C002BBB883700B6A423 /* ViewController.swift */,
				C1C62C102BBC9B4E00B6A423 /* DetailViewController.swift */,
				C1C62C022BBB883700B6A423 /* Main.storyboard */,
				C1C62C052BBB883800B6A423 /* Assets.xcassets */,
				C1C62C072BBB883800B6A423 /* LaunchScreen.storyboard */,
				C1C62C0A2BBB883800B6A423 /* Info.plist */,
			);
			path = StormViewer1;
			sourceTree = "<group>";
		};
/* End PBXGroup section */

/* Begin PBXNativeTarget section */
		C1C62BF82BBB883700B6A423 /* StormViewer1 */ = {
			isa = PBXNativeTarget;
			buildConfigurationList = C1C62C0D2BBB883800B6A423 /* Build configuration list for PBXNativeTarget "StormViewer1" */;
			buildPhases = (
				C1C62BF52BBB883700B6A423 /* Sources */,
				C1C62BF62BBB883700B6A423 /* Frameworks */,
				C1C62BF72BBB883700B6A423 /* Resources */,
			);
			buildRules = (
			);
			dependencies = (
			);
			name = StormViewer1;
			productName = StormViewer1;
			productReference = C1C62BF92BBB883700B6A423 /* StormViewer1.app */;
			productType = "com.apple.product-type.application";
		};
/* End PBXNativeTarget section */

/* Begin PBXProject section */
		C1C62BF12BBB883700B6A423 /* Project object */ = {
			isa = PBXProject;
			attributes = {
				BuildIndependentTargetsInParallel = 1;
				LastSwiftUpdateCheck = 1410;
				LastUpgradeCheck = 1410;
				TargetAttributes = {
					C1C62BF82BBB883700B6A423 = {
						CreatedOnToolsVersion = 14.1;
					};
				};
			};
			buildConfigurationList = C1C62BF42BBB883700B6A423 /* Build configuration list for PBXProject "StormViewer1" */;
			compatibilityVersion = "Xcode 14.0";
			developmentRegion = en;
			hasScannedForEncodings = 0;
			knownRegions = (
				en,
				Base,
			);
			mainGroup = C1C62BF02BBB883700B6A423;
			productRefGroup = C1C62BFA2BBB883700B6A423 /* Products */;
			projectDirPath = "";
			projectRoot = "";
			targets = (
				C1C62BF82BBB883700B6A423 /* StormViewer1 */,
			);
		};
/* End PBXProject section */

/* Begin PBXResourcesBuildPhase section */
		C1C62BF72BBB883700B6A423 /* Resources */ = {
			isa = PBXResourcesBuildPhase;
			buildActionMask = 2147483647;
			files = (
				C1C62C092BBB883800B6A423 /* LaunchScreen.storyboard in Resources */,
				C1EFEAED2BCDE08B0076F970 /* images.jpeg in Resources */,
				C1C62C062BBB883800B6A423 /* Assets.xcassets in Resources */,
				C1C62C042BBB883700B6A423 /* Main.storyboard in Resources */,
				C1EFEAEC2BCDE08B0076F970 /* images.png in Resources */,
			);
			runOnlyForDeploymentPostprocessing = 0;
		};
/* End PBXResourcesBuildPhase section */

/* Begin PBXSourcesBuildPhase section */
		C1C62BF52BBB883700B6A423 /* Sources */ = {
			isa = PBXSourcesBuildPhase;
			buildActionMask = 2147483647;
			files = (
				C1C62C012BBB883700B6A423 /* ViewController.swift in Sources */,
				C1C62BFD2BBB883700B6A423 /* AppDelegate.swift in Sources */,
				C1C62BFF2BBB883700B6A423 /* SceneDelegate.swift in Sources */,
				C1C62C112BBC9B4E00B6A423 /* DetailViewController.swift in Sources */,
			);
			runOnlyForDeploymentPostprocessing = 0;
		};
/* End PBXSourcesBuildPhase section */

/* Begin PBXVariantGroup section */
		C1C62C022BBB883700B6A423 /* Main.storyboard */ = {
			isa = PBXVariantGroup;
			children = (
				C1C62C032BBB883700B6A423 /* Base */,
			);
			name = Main.storyboard;
			sourceTree = "<group>";
		};
		C1C62C072BBB883800B6A423 /* LaunchScreen.storyboard */ = {
			isa = PBXVariantGroup;
			children = (
				C1C62C082BBB883800B6A423 /* Base */,
			);
			name = LaunchScreen.storyboard;
			sourceTree = "<group>";
		};
/* End PBXVariantGroup section */

/* Begin XCBuildConfiguration section */
		C1C62C0B2BBB883800B6A423 /* Debug */ = {
			isa = XCBuildConfiguration;
			buildSettings = {
				ALWAYS_SEARCH_USER_PATHS = NO;
				CLANG_ANALYZER_NONNULL = YES;
				CLANG_ANALYZER_NUMBER_OBJECT_CONVERSION = YES_AGGRESSIVE;
				CLANG_CXX_LANGUAGE_STANDARD = "gnu++20";
				CLANG_ENABLE_MODULES = YES;
				CLANG_ENABLE_OBJC_ARC = YES;
				CLANG_ENABLE_OBJC_WEAK = YES;
				CLANG_WARN_BLOCK_CAPTURE_AUTORELEASING = YES;
				CLANG_WARN_BOOL_CONVERSION = YES;
				CLANG_WARN_COMMA = YES;
				CLANG_WARN_CONSTANT_CONVERSION = YES;
				CLANG_WARN_DEPRECATED_OBJC_IMPLEMENTATIONS = YES;
				CLANG_WARN_DIRECT_OBJC_ISA_USAGE = YES_ERROR;
				CLANG_WARN_DOCUMENTATION_COMMENTS = YES;
				CLANG_WARN_EMPTY_BODY = YES;
				CLANG_WARN_ENUM_CONVERSION = YES;
				CLANG_WARN_INFINITE_RECURSION = YES;
				CLANG_WARN_INT_CONVERSION = YES;
				CLANG_WARN_NON_LITERAL_NULL_CONVERSION = YES;
				CLANG_WARN_OBJC_IMPLICIT_RETAIN_SELF = YES;
				CLANG_WARN_OBJC_LITERAL_CONVERSION = YES;
				CLANG_WARN_OBJC_ROOT_CLASS = YES_ERROR;
				CLANG_WARN_QUOTED_INCLUDE_IN_FRAMEWORK_HEADER = YES;
				CLANG_WARN_RANGE_LOOP_ANALYSIS = YES;
				CLANG_WARN_STRICT_PROTOTYPES = YES;
				CLANG_WARN_SUSPICIOUS_MOVE = YES;
				CLANG_WARN_UNGUARDED_AVAILABILITY = YES_AGGRESSIVE;
				CLANG_WARN_UNREACHABLE_CODE = YES;
				CLANG_WARN__DUPLICATE_METHOD_MATCH = YES;
				COPY_PHASE_STRIP = NO;
				DEBUG_INFORMATION_FORMAT = dwarf;
				ENABLE_STRICT_OBJC_MSGSEND = YES;
				ENABLE_TESTABILITY = YES;
				GCC_C_LANGUAGE_STANDARD = gnu11;
				GCC_DYNAMIC_NO_PIC = NO;
				GCC_NO_COMMON_BLOCKS = YES;
				GCC_OPTIMIZATION_LEVEL = 0;
				GCC_PREPROCESSOR_DEFINITIONS = (
					"DEBUG=1",
					"$(inherited)",
				);
				GCC_WARN_64_TO_32_BIT_CONVERSION = YES;
				GCC_WARN_ABOUT_RETURN_TYPE = YES_ERROR;
				GCC_WARN_UNDECLARED_SELECTOR = YES;
				GCC_WARN_UNINITIALIZED_AUTOS = YES_AGGRESSIVE;
				GCC_WARN_UNUSED_FUNCTION = YES;
				GCC_WARN_UNUSED_VARIABLE = YES;
				IPHONEOS_DEPLOYMENT_TARGET = 16.1;
				MTL_ENABLE_DEBUG_INFO = INCLUDE_SOURCE;
				MTL_FAST_MATH = YES;
				ONLY_ACTIVE_ARCH = YES;
				SDKROOT = iphoneos;
				SWIFT_ACTIVE_COMPILATION_CONDITIONS = DEBUG;
				SWIFT_OPTIMIZATION_LEVEL = "-Onone";
			};
			name = Debug;
		};
		C1C62C0C2BBB883800B6A423 /* Release */ = {
			isa = XCBuildConfiguration;
			buildSettings = {
				ALWAYS_SEARCH_USER_PATHS = NO;
				CLANG_ANALYZER_NONNULL = YES;
				CLANG_ANALYZER_NUMBER_OBJECT_CONVERSION = YES_AGGRESSIVE;
				CLANG_CXX_LANGUAGE_STANDARD = "gnu++20";
				CLANG_ENABLE_MODULES = YES;
				CLANG_ENABLE_OBJC_ARC = YES;
				CLANG_ENABLE_OBJC_WEAK = YES;
				CLANG_WARN_BLOCK_CAPTURE_AUTORELEASING = YES;
				CLANG_WARN_BOOL_CONVERSION = YES;
				CLANG_WARN_COMMA = YES;
				CLANG_WARN_CONSTANT_CONVERSION = YES;
				CLANG_WARN_DEPRECATED_OBJC_IMPLEMENTATIONS = YES;
				CLANG_WARN_DIRECT_OBJC_ISA_USAGE = YES_ERROR;
				CLANG_WARN_DOCUMENTATION_COMMENTS = YES;
				CLANG_WARN_EMPTY_BODY = YES;
				CLANG_WARN_ENUM_CONVERSION = YES;
				CLANG_WARN_INFINITE_RECURSION = YES;
				CLANG_WARN_INT_CONVERSION = YES;
				CLANG_WARN_NON_LITERAL_NULL_CONVERSION = YES;
				CLANG_WARN_OBJC_IMPLICIT_RETAIN_SELF = YES;
				CLANG_WARN_OBJC_LITERAL_CONVERSION = YES;
				CLANG_WARN_OBJC_ROOT_CLASS = YES_ERROR;
				CLANG_WARN_QUOTED_INCLUDE_IN_FRAMEWORK_HEADER = YES;
				CLANG_WARN_RANGE_LOOP_ANALYSIS = YES;
				CLANG_WARN_STRICT_PROTOTYPES = YES;
				CLANG_WARN_SUSPICIOUS_MOVE = YES;
				CLANG_WARN_UNGUARDED_AVAILABILITY = YES_AGGRESSIVE;
				CLANG_WARN_UNREACHABLE_CODE = YES;
				CLANG_WARN__DUPLICATE_METHOD_MATCH = YES;
				COPY_PHASE_STRIP = NO;
				DEBUG_INFORMATION_FORMAT = "dwarf-with-dsym";
				ENABLE_NS_ASSERTIONS = NO;
				ENABLE_STRICT_OBJC_MSGSEND = YES;
				GCC_C_LANGUAGE_STANDARD = gnu11;
				GCC_NO_COMMON_BLOCKS = YES;
				GCC_WARN_64_TO_32_BIT_CONVERSION = YES;
				GCC_WARN_ABOUT_RETURN_TYPE = YES_ERROR;
				GCC_WARN_UNDECLARED_SELECTOR = YES;
				GCC_WARN_UNINITIALIZED_AUTOS = YES_AGGRESSIVE;
				GCC_WARN_UNUSED_FUNCTION = YES;
				GCC_WARN_UNUSED_VARIABLE = YES;
				IPHONEOS_DEPLOYMENT_TARGET = 16.1;
				MTL_ENABLE_DEBUG_INFO = NO;
				MTL_FAST_MATH = YES;
				SDKROOT = iphoneos;
				SWIFT_COMPILATION_MODE = wholemodule;
				SWIFT_OPTIMIZATION_LEVEL = "-O";
				VALIDATE_PRODUCT = YES;
			};
			name = Release;
		};
		C1C62C0E2BBB883800B6A423 /* Debug */ = {
			isa = XCBuildConfiguration;
			buildSettings = {
				ASSETCATALOG_COMPILER_APPICON_NAME = AppIcon;
				ASSETCATALOG_COMPILER_GLOBAL_ACCENT_COLOR_NAME = AccentColor;
				CODE_SIGN_STYLE = Automatic;
				CURRENT_PROJECT_VERSION = 1;
				DEVELOPMENT_TEAM = MRZ67P2686;
				GENERATE_INFOPLIST_FILE = YES;
				INFOPLIST_FILE = StormViewer1/Info.plist;
				INFOPLIST_KEY_UIApplicationSupportsIndirectInputEvents = YES;
				INFOPLIST_KEY_UILaunchStoryboardName = LaunchScreen;
				INFOPLIST_KEY_UIMainStoryboardFile = Main;
				INFOPLIST_KEY_UISupportedInterfaceOrientations_iPad = "UIInterfaceOrientationPortrait UIInterfaceOrientationPortraitUpsideDown UIInterfaceOrientationLandscapeLeft UIInterfaceOrientationLandscapeRight";
				INFOPLIST_KEY_UISupportedInterfaceOrientations_iPhone = "UIInterfaceOrientationPortrait UIInterfaceOrientationLandscapeLeft UIInterfaceOrientationLandscapeRight";
				LD_RUNPATH_SEARCH_PATHS = (
					"$(inherited)",
					"@executable_path/Frameworks",
				);
				MARKETING_VERSION = 1.0;
				PRODUCT_BUNDLE_IDENTIFIER = com.satwikha.StormViewer1;
				PRODUCT_NAME = "$(TARGET_NAME)";
				SWIFT_EMIT_LOC_STRINGS = YES;
				SWIFT_VERSION = 5.0;
				TARGETED_DEVICE_FAMILY = "1,2";
			};
			name = Debug;
		};
		C1C62C0F2BBB883800B6A423 /* Release */ = {
			isa = XCBuildConfiguration;
			buildSettings = {
				ASSETCATALOG_COMPILER_APPICON_NAME = AppIcon;
				ASSETCATALOG_COMPILER_GLOBAL_ACCENT_COLOR_NAME = AccentColor;
				CODE_SIGN_STYLE = Automatic;
				CURRENT_PROJECT_VERSION = 1;
				DEVELOPMENT_TEAM = MRZ67P2686;
				GENERATE_INFOPLIST_FILE = YES;
				INFOPLIST_FILE = StormViewer1/Info.plist;
				INFOPLIST_KEY_UIApplicationSupportsIndirectInputEvents = YES;
				INFOPLIST_KEY_UILaunchStoryboardName = LaunchScreen;
				INFOPLIST_KEY_UIMainStoryboardFile = Main;
				INFOPLIST_KEY_UISupportedInterfaceOrientations_iPad = "UIInterfaceOrientationPortrait UIInterfaceOrientationPortraitUpsideDown UIInterfaceOrientationLandscapeLeft UIInterfaceOrientationLandscapeRight";
				INFOPLIST_KEY_UISupportedInterfaceOrientations_iPhone = "UIInterfaceOrientationPortrait UIInterfaceOrientationLandscapeLeft UIInterfaceOrientationLandscapeRight";
				LD_RUNPATH_SEARCH_PATHS = (
					"$(inherited)",
					"@executable_path/Frameworks",
				);
				MARKETING_VERSION = 1.0;
				PRODUCT_BUNDLE_IDENTIFIER = com.satwikha.StormViewer1;
				PRODUCT_NAME = "$(TARGET_NAME)";
				SWIFT_EMIT_LOC_STRINGS = YES;
				SWIFT_VERSION = 5.0;
				TARGETED_DEVICE_FAMILY = "1,2";
			};
			name = Release;
		};
/* End XCBuildConfiguration section */

/* Begin XCConfigurationList section */
		C1C62BF42BBB883700B6A423 /* Build configuration list for PBXProject "StormViewer1" */ = {
			isa = XCConfigurationList;
			buildConfigurations = (
				C1C62C0B2BBB883800B6A423 /* Debug */,
				C1C62C0C2BBB883800B6A423 /* Release */,
			);
			defaultConfigurationIsVisible = 0;
			defaultConfigurationName = Release;
		};
		C1C62C0D2BBB883800B6A423 /* Build configuration list for PBXNativeTarget "StormViewer1" */ = {
			isa = XCConfigurationList;
			buildConfigurations = (
				C1C62C0E2BBB883800B6A423 /* Debug */,
				C1C62C0F2BBB883800B6A423 /* Release */,
			);
			defaultConfigurationIsVisible = 0;
			defaultConfigurationName = Release;
		};
/* End XCConfigurationList section */
	};
	rootObject = C1C62BF12BBB883700B6A423 /* Project object */;
}
